
Microsoft Visual Studio Solution File, Format Version 12.00
# Visual Studio Version 16
VisualStudioVersion = 16.0.31129.286
MinimumVisualStudioVersion = 10.0.40219.1
Project("{FAE04EC0-301F-11D3-BF4B-00C04F79EFBC}") = "GiveLife-API", "GiveLife-API\GiveLife-API.csproj", "{8679D666-4578-4829-8EC6-40BF71FEAC6C}"
EndProject
Global
	GlobalSection(SolutionConfigurationPlatforms) = preSolution
		Debug|Any CPU = Debug|Any CPU
		Release|Any CPU = Release|Any CPU
	EndGlobalSection
	GlobalSection(ProjectConfigurationPlatforms) = postSolution
		{8679D666-4578-4829-8EC6-40BF71FEAC6C}.Debug|Any CPU.ActiveCfg = Debug|Any CPU
		{8679D666-4578-4829-8EC6-40BF71FEAC6C}.Debug|Any CPU.Build.0 = Debug|Any CPU
		{8679D666-4578-4829-8EC6-40BF71FEAC6C}.Release|Any CPU.ActiveCfg = Release|Any CPU
		{8679D666-4578-4829-8EC6-40BF71FEAC6C}.Release|Any CPU.Build.0 = Release|Any CPU
	EndGlobalSection
	GlobalSection(SolutionProperties) = preSolution
		HideSolutionNode = FALSE
	EndGlobalSection
	GlobalSection(ExtensibilityGlobals) = postSolution
		SolutionGuid = {A534797D-CB65-41C0-8311-03D1767B97C9}
	EndGlobalSection
EndGlobal
